// !$*UTF8*$!
{
	archiveVersion = 1;
	classes = {
	};
	objectVersion = 46;
	objects = {

/* Begin PBXBuildFile section */
		043E01D71AAEBD2C00D4C8F1 /* AppDelegate.swift in Sources */ = {isa = PBXBuildFile; fileRef = 043E01D61AAEBD2C00D4C8F1 /* AppDelegate.swift */; };
		043E01D91AAEBD2C00D4C8F1 /* ViewController.swift in Sources */ = {isa = PBXBuildFile; fileRef = 043E01D81AAEBD2C00D4C8F1 /* ViewController.swift */; };
		043E01DC1AAEBD2C00D4C8F1 /* Main.storyboard in Resources */ = {isa = PBXBuildFile; fileRef = 043E01DA1AAEBD2C00D4C8F1 /* Main.storyboard */; };
		043E01DE1AAEBD2C00D4C8F1 /* Images.xcassets in Resources */ = {isa = PBXBuildFile; fileRef = 043E01DD1AAEBD2C00D4C8F1 /* Images.xcassets */; };
		043E01E11AAEBD2C00D4C8F1 /* LaunchScreen.xib in Resources */ = {isa = PBXBuildFile; fileRef = 043E01DF1AAEBD2C00D4C8F1 /* LaunchScreen.xib */; };
		043E01ED1AAEBD2C00D4C8F1 /* testingTests.swift in Sources */ = {isa = PBXBuildFile; fileRef = 043E01EC1AAEBD2C00D4C8F1 /* testingTests.swift */; };
		043E01F71AAEBD3900D4C8F1 /* SwiftyJSON.swift in Sources */ = {isa = PBXBuildFile; fileRef = 043E01F61AAEBD3900D4C8F1 /* SwiftyJSON.swift */; };
/* End PBXBuildFile section */

/* Begin PBXContainerItemProxy section */
		043E01E71AAEBD2C00D4C8F1 /* PBXContainerItemProxy */ = {
			isa = PBXContainerItemProxy;
			containerPortal = 043E01C91AAEBD2C00D4C8F1 /* Project object */;
			proxyType = 1;
			remoteGlobalIDString = 043E01D01AAEBD2C00D4C8F1;
			remoteInfo = testing;
		};
/* End PBXContainerItemProxy section */

/* Begin PBXFileReference section */
		043E01D11AAEBD2C00D4C8F1 /* testing.app */ = {isa = PBXFileReference; explicitFileType = wrapper.application; includeInIndex = 0; path = testing.app; sourceTree = BUILT_PRODUCTS_DIR; };
		043E01D51AAEBD2C00D4C8F1 /* Info.plist */ = {isa = PBXFileReference; lastKnownFileType = text.plist.xml; path = Info.plist; sourceTree = "<group>"; };
		043E01D61AAEBD2C00D4C8F1 /* AppDelegate.swift */ = {isa = PBXFileReference; lastKnownFileType = sourcecode.swift; path = AppDelegate.swift; sourceTree = "<group>"; };
		043E01D81AAEBD2C00D4C8F1 /* ViewController.swift */ = {isa = PBXFileReference; lastKnownFileType = sourcecode.swift; path = ViewController.swift; sourceTree = "<group>"; };
		043E01DB1AAEBD2C00D4C8F1 /* Base */ = {isa = PBXFileReference; lastKnownFileType = file.storyboard; name = Base; path = Base.lproj/Main.storyboard; sourceTree = "<group>"; };
		043E01DD1AAEBD2C00D4C8F1 /* Images.xcassets */ = {isa = PBXFileReference; lastKnownFileType = folder.assetcatalog; path = Images.xcassets; sourceTree = "<group>"; };
		043E01E01AAEBD2C00D4C8F1 /* Base */ = {isa = PBXFileReference; lastKnownFileType = file.xib; name = Base; path = Base.lproj/LaunchScreen.xib; sourceTree = "<group>"; };
		043E01E61AAEBD2C00D4C8F1 /* testingTests.xctest */ = {isa = PBXFileReference; explicitFileType = wrapper.cfbundle; includeInIndex = 0; path = testingTests.xctest; sourceTree = BUILT_PRODUCTS_DIR; };
		043E01EB1AAEBD2C00D4C8F1 /* Info.plist */ = {isa = PBXFileReference; lastKnownFileType = text.plist.xml; path = Info.plist; sourceTree = "<group>"; };
		043E01EC1AAEBD2C00D4C8F1 /* testingTests.swift */ = {isa = PBXFileReference; lastKnownFileType = sourcecode.swift; path = testingTests.swift; sourceTree = "<group>"; };
		043E01F61AAEBD3900D4C8F1 /* SwiftyJSON.swift */ = {isa = PBXFileReference; fileEncoding = 4; lastKnownFileType = sourcecode.swift; path = SwiftyJSON.swift; sourceTree = "<group>"; };
/* End PBXFileReference section */

/* Begin PBXFrameworksBuildPhase section */
		043E01CE1AAEBD2C00D4C8F1 /* Frameworks */ = {
			isa = PBXFrameworksBuildPhase;
			buildActionMask = 2147483647;
			files = (
			);
			runOnlyForDeploymentPostprocessing = 0;
		};
		043E01E31AAEBD2C00D4C8F1 /* Frameworks */ = {
			isa = PBXFrameworksBuildPhase;
			buildActionMask = 2147483647;
			files = (
			);
			runOnlyForDeploymentPostprocessing = 0;
		};
/* End PBXFrameworksBuildPhase section */

/* Begin PBXGroup section */
		043E01C81AAEBD2C00D4C8F1 = {
			isa = PBXGroup;
			children = (
				043E01D31AAEBD2C00D4C8F1 /* testing */,
				043E01E91AAEBD2C00D4C8F1 /* testingTests */,
				043E01D21AAEBD2C00D4C8F1 /* Products */,
			);
			sourceTree = "<group>";
		};
		043E01D21AAEBD2C00D4C8F1 /* Products */ = {
			isa = PBXGroup;
			children = (
				043E01D11AAEBD2C00D4C8F1 /* testing.app */,
				043E01E61AAEBD2C00D4C8F1 /* testingTests.xctest */,
			);
			name = Products;
			sourceTree = "<group>";
		};
		043E01D31AAEBD2C00D4C8F1 /* testing */ = {
			isa = PBXGroup;
			children = (
				043E01F61AAEBD3900D4C8F1 /* SwiftyJSON.swift */,
				043E01D61AAEBD2C00D4C8F1 /* AppDelegate.swift */,
				043E01D81AAEBD2C00D4C8F1 /* ViewController.swift */,
				043E01DA1AAEBD2C00D4C8F1 /* Main.storyboard */,
				043E01DD1AAEBD2C00D4C8F1 /* Images.xcassets */,
				043E01DF1AAEBD2C00D4C8F1 /* LaunchScreen.xib */,
				043E01D41AAEBD2C00D4C8F1 /* Supporting Files */,
			);
			path = testing;
			sourceTree = "<group>";
		};
		043E01D41AAEBD2C00D4C8F1 /* Supporting Files */ = {
			isa = PBXGroup;
			children = (
				043E01D51AAEBD2C00D4C8F1 /* Info.plist */,
			);
			name = "Supporting Files";
			sourceTree = "<group>";
		};
		043E01E91AAEBD2C00D4C8F1 /* testingTests */ = {
			isa = PBXGroup;
			children = (
				043E01EC1AAEBD2C00D4C8F1 /* testingTests.swift */,
				043E01EA1AAEBD2C00D4C8F1 /* Supporting Files */,
			);
			path = testingTests;
			sourceTree = "<group>";
		};
		043E01EA1AAEBD2C00D4C8F1 /* Supporting Files */ = {
			isa = PBXGroup;
			children = (
				043E01EB1AAEBD2C00D4C8F1 /* Info.plist */,
			);
			name = "Supporting Files";
			sourceTree = "<group>";
		};
/* End PBXGroup section */

/* Begin PBXNativeTarget section */
		043E01D01AAEBD2C00D4C8F1 /* testing */ = {
			isa = PBXNativeTarget;
			buildConfigurationList = 043E01F01AAEBD2C00D4C8F1 /* Build configuration list for PBXNativeTarget "testing" */;
			buildPhases = (
				043E01CD1AAEBD2C00D4C8F1 /* Sources */,
				043E01CE1AAEBD2C00D4C8F1 /* Frameworks */,
				043E01CF1AAEBD2C00D4C8F1 /* Resources */,
			);
			buildRules = (
			);
			dependencies = (
			);
			name = testing;
			productName = testing;
			productReference = 043E01D11AAEBD2C00D4C8F1 /* testing.app */;
			productType = "com.apple.product-type.application";
		};
		043E01E51AAEBD2C00D4C8F1 /* testingTests */ = {
			isa = PBXNativeTarget;
			buildConfigurationList = 043E01F31AAEBD2C00D4C8F1 /* Build configuration list for PBXNativeTarget "testingTests" */;
			buildPhases = (
				043E01E21AAEBD2C00D4C8F1 /* Sources */,
				043E01E31AAEBD2C00D4C8F1 /* Frameworks */,
				043E01E41AAEBD2C00D4C8F1 /* Resources */,
			);
			buildRules = (
			);
			dependencies = (
				043E01E81AAEBD2C00D4C8F1 /* PBXTargetDependency */,
			);
			name = testingTests;
			productName = testingTests;
			productReference = 043E01E61AAEBD2C00D4C8F1 /* testingTests.xctest */;
			productType = "com.apple.product-type.bundle.unit-test";
		};
/* End PBXNativeTarget section */

/* Begin PBXProject section */
		043E01C91AAEBD2C00D4C8F1 /* Project object */ = {
			isa = PBXProject;
			attributes = {
				LastUpgradeCheck = 0610;
				ORGANIZATIONNAME = "Variya Soft Solutions";
				TargetAttributes = {
					043E01D01AAEBD2C00D4C8F1 = {
						CreatedOnToolsVersion = 6.1.1;
					};
					043E01E51AAEBD2C00D4C8F1 = {
						CreatedOnToolsVersion = 6.1.1;
						TestTargetID = 043E01D01AAEBD2C00D4C8F1;
					};
				};
			};
			buildConfigurationList = 043E01CC1AAEBD2C00D4C8F1 /* Build configuration list for PBXProject "testing" */;
			compatibilityVersion = "Xcode 3.2";
			developmentRegion = English;
			hasScannedForEncodings = 0;
			knownRegions = (
				en,
				Base,
			);
			mainGroup = 043E01C81AAEBD2C00D4C8F1;
			productRefGroup = 043E01D21AAEBD2C00D4C8F1 /* Products */;
			projectDirPath = "";
			projectRoot = "";
			targets = (
				043E01D01AAEBD2C00D4C8F1 /* testing */,
				043E01E51AAEBD2C00D4C8F1 /* testingTests */,
			);
		};
/* End PBXProject section */

/* Begin PBXResourcesBuildPhase section */
		043E01CF1AAEBD2C00D4C8F1 /* Resources */ = {
			isa = PBXResourcesBuildPhase;
			buildActionMask = 2147483647;
			files = (
				043E01DC1AAEBD2C00D4C8F1 /* Main.storyboard in Resources */,
				043E01E11AAEBD2C00D4C8F1 /* LaunchScreen.xib in Resources */,
				043E01DE1AAEBD2C00D4C8F1 /* Images.xcassets in Resources */,
			);
			runOnlyForDeploymentPostprocessing = 0;
		};
		043E01E41AAEBD2C00D4C8F1 /* Resources */ = {
			isa = PBXResourcesBuildPhase;
			buildActionMask = 2147483647;
			files = (
			);
			runOnlyForDeploymentPostprocessing = 0;
		};
/* End PBXResourcesBuildPhase section */

/* Begin PBXSourcesBuildPhase section */
		043E01CD1AAEBD2C00D4C8F1 /* Sources */ = {
			isa = PBXSourcesBuildPhase;
			buildActionMask = 2147483647;
			files = (
				043E01F71AAEBD3900D4C8F1 /* SwiftyJSON.swift in Sources */,
				043E01D91AAEBD2C00D4C8F1 /* ViewController.swift in Sources */,
				043E01D71AAEBD2C00D4C8F1 /* AppDelegate.swift in Sources */,
			);
			runOnlyForDeploymentPostprocessing = 0;
		};
		043E01E21AAEBD2C00D4C8F1 /* Sources */ = {
			isa = PBXSourcesBuildPhase;
			buildActionMask = 2147483647;
			files = (
				043E01ED1AAEBD2C00D4C8F1 /* testingTests.swift in Sources */,
			);
			runOnlyForDeploymentPostprocessing = 0;
		};
/* End PBXSourcesBuildPhase section */

/* Begin PBXTargetDependency section */
		043E01E81AAEBD2C00D4C8F1 /* PBXTargetDependency */ = {
			isa = PBXTargetDependency;
			target = 043E01D01AAEBD2C00D4C8F1 /* testing */;
			targetProxy = 043E01E71AAEBD2C00D4C8F1 /* PBXContainerItemProxy */;
		};
/* End PBXTargetDependency section */

/* Begin PBXVariantGroup section */
		043E01DA1AAEBD2C00D4C8F1 /* Main.storyboard */ = {
			isa = PBXVariantGroup;
			children = (
				043E01DB1AAEBD2C00D4C8F1 /* Base */,
			);
			name = Main.storyboard;
			sourceTree = "<group>";
		};
		043E01DF1AAEBD2C00D4C8F1 /* LaunchScreen.xib */ = {
			isa = PBXVariantGroup;
			children = (
				043E01E01AAEBD2C00D4C8F1 /* Base */,
			);
			name = LaunchScreen.xib;
			sourceTree = "<group>";
		};
/* End PBXVariantGroup section */

/* Begin XCBuildConfiguration section */
		043E01EE1AAEBD2C00D4C8F1 /* Debug */ = {
			isa = XCBuildConfiguration;
			buildSettings = {
				ALWAYS_SEARCH_USER_PATHS = NO;
				CLANG_CXX_LANGUAGE_STANDARD = "gnu++0x";
				CLANG_CXX_LIBRARY = "libc++";
				CLANG_ENABLE_MODULES = YES;
				CLANG_ENABLE_OBJC_ARC = YES;
				CLANG_WARN_BOOL_CONVERSION = YES;
				CLANG_WARN_CONSTANT_CONVERSION = YES;
				CLANG_WARN_DIRECT_OBJC_ISA_USAGE = YES_ERROR;
				CLANG_WARN_EMPTY_BODY = YES;
				CLANG_WARN_ENUM_CONVERSION = YES;
				CLANG_WARN_INT_CONVERSION = YES;
				CLANG_WARN_OBJC_ROOT_CLASS = YES_ERROR;
				CLANG_WARN_UNREACHABLE_CODE = YES;
				CLANG_WARN__DUPLICATE_METHOD_MATCH = YES;
				"CODE_SIGN_IDENTITY[sdk=iphoneos*]" = "iPhone Developer";
				COPY_PHASE_STRIP = NO;
				ENABLE_STRICT_OBJC_MSGSEND = YES;
				GCC_C_LANGUAGE_STANDARD = gnu99;
				GCC_DYNAMIC_NO_PIC = NO;
				GCC_OPTIMIZATION_LEVEL = 0;
				GCC_PREPROCESSOR_DEFINITIONS = (
					"DEBUG=1",
					"$(inherited)",
				);
				GCC_SYMBOLS_PRIVATE_EXTERN = NO;
				GCC_WARN_64_TO_32_BIT_CONVERSION = YES;
				GCC_WARN_ABOUT_RETURN_TYPE = YES_ERROR;
				GCC_WARN_UNDECLARED_SELECTOR = YES;
				GCC_WARN_UNINITIALIZED_AUTOS = YES_AGGRESSIVE;
				GCC_WARN_UNUSED_FUNCTION = YES;
				GCC_WARN_UNUSED_VARIABLE = YES;
				IPHONEOS_DEPLOYMENT_TARGET = 8.1;
				MTL_ENABLE_DEBUG_INFO = YES;
				ONLY_ACTIVE_ARCH = YES;
				SDKROOT = iphoneos;
				SWIFT_OPTIMIZATION_LEVEL = "-Onone";
				TARGETED_DEVICE_FAMILY = "1,2";
			};
			name = Debug;
		};
		043E01EF1AAEBD2C00D4C8F1 /* Release */ = {
			isa = XCBuildConfiguration;
			buildSettings = {
				ALWAYS_SEARCH_USER_PATHS = NO;
				CLANG_CXX_LANGUAGE_STANDARD = "gnu++0x";
				CLANG_CXX_LIBRARY = "libc++";
				CLANG_ENABLE_MODULES = YES;
				CLANG_ENABLE_OBJC_ARC = YES;
				CLANG_WARN_BOOL_CONVERSION = YES;
				CLANG_WARN_CONSTANT_CONVERSION = YES;
				CLANG_WARN_DIRECT_OBJC_ISA_USAGE = YES_ERROR;
				CLANG_WARN_EMPTY_BODY = YES;
				CLANG_WARN_ENUM_CONVERSION = YES;
				CLANG_WARN_INT_CONVERSION = YES;
				CLANG_WARN_OBJC_ROOT_CLASS = YES_ERROR;
				CLANG_WARN_UNREACHABLE_CODE = YES;
				CLANG_WARN__DUPLICATE_METHOD_MATCH = YES;
				"CODE_SIGN_IDENTITY[sdk=iphoneos*]" = "iPhone Developer";
				COPY_PHASE_STRIP = YES;
				ENABLE_NS_ASSERTIONS = NO;
				ENABLE_STRICT_OBJC_MSGSEND = YES;
				GCC_C_LANGUAGE_STANDARD = gnu99;
				GCC_WARN_64_TO_32_BIT_CONVERSION = YES;
				GCC_WARN_ABOUT_RETURN_TYPE = YES_ERROR;
				GCC_WARN_UNDECLARED_SELECTOR = YES;
				GCC_WARN_UNINITIALIZED_AUTOS = YES_AGGRESSIVE;
				GCC_WARN_UNUSED_FUNCTION = YES;
				GCC_WARN_UNUSED_VARIABLE = YES;
				IPHONEOS_DEPLOYMENT_TARGET = 8.1;
				MTL_ENABLE_DEBUG_INFO = NO;
				SDKROOT = iphoneos;
				TARGETED_DEVICE_FAMILY = "1,2";
				VALIDATE_PRODUCT = YES;
			};
			name = Release;
		};
		043E01F11AAEBD2C00D4C8F1 /* Debug */ = {
			isa = XCBuildConfiguration;
			buildSettings = {
				ASSETCATALOG_COMPILER_APPICON_NAME = AppIcon;
				INFOPLIST_FILE = testing/Info.plist;
				LD_RUNPATH_SEARCH_PATHS = "$(inherited) @executable_path/Frameworks";
				PRODUCT_NAME = "$(TARGET_NAME)";
			};
			name = Debug;
		};
		043E01F21AAEBD2C00D4C8F1 /* Release */ = {
			isa = XCBuildConfiguration;
			buildSettings = {
				ASSETCATALOG_COMPILER_APPICON_NAME = AppIcon;
				INFOPLIST_FILE = testing/Info.plist;
				LD_RUNPATH_SEARCH_PATHS = "$(inherited) @executable_path/Frameworks";
				PRODUCT_NAME = "$(TARGET_NAME)";
			};
			name = Release;
		};
		043E01F41AAEBD2C00D4C8F1 /* Debug */ = {
			isa = XCBuildConfiguration;
			buildSettings = {
				BUNDLE_LOADER = "$(TEST_HOST)";
				FRAMEWORK_SEARCH_PATHS = (
					"$(SDKROOT)/Developer/Library/Frameworks",
					"$(inherited)",
				);
				GCC_PREPROCESSOR_DEFINITIONS = (
					"DEBUG=1",
					"$(inherited)",
				);
				INFOPLIST_FILE = testingTests/Info.plist;
				LD_RUNPATH_SEARCH_PATHS = "$(inherited) @executable_path/Frameworks @loader_path/Frameworks";
				PRODUCT_NAME = "$(TARGET_NAME)";
				TEST_HOST = "$(BUILT_PRODUCTS_DIR)/testing.app/testing";
			};
			name = Debug;
		};
		043E01F51AAEBD2C00D4C8F1 /* Release */ = {
			isa = XCBuildConfiguration;
			buildSettings = {
				BUNDLE_LOADER = "$(TEST_HOST)";
				FRAMEWORK_SEARCH_PATHS = (
					"$(SDKROOT)/Developer/Library/Frameworks",
					"$(inherited)",
				);
				INFOPLIST_FILE = testingTests/Info.plist;
				LD_RUNPATH_SEARCH_PATHS = "$(inherited) @executable_path/Frameworks @loader_path/Frameworks";
				PRODUCT_NAME = "$(TARGET_NAME)";
				TEST_HOST = "$(BUILT_PRODUCTS_DIR)/testing.app/testing";
			};
			name = Release;
		};
/* End XCBuildConfiguration section */

/* Begin XCConfigurationList section */
		043E01CC1AAEBD2C00D4C8F1 /* Build configuration list for PBXProject "testing" */ = {
			isa = XCConfigurationList;
			buildConfigurations = (
				043E01EE1AAEBD2C00D4C8F1 /* Debug */,
				043E01EF1AAEBD2C00D4C8F1 /* Release */,
			);
			defaultConfigurationIsVisible = 0;
			defaultConfigurationName = Release;
		};
		043E01F01AAEBD2C00D4C8F1 /* Build configuration list for PBXNativeTarget "testing" */ = {
			isa = XCConfigurationList;
			buildConfigurations = (
				043E01F11AAEBD2C00D4C8F1 /* Debug */,
				043E01F21AAEBD2C00D4C8F1 /* Release */,
			);
			defaultConfigurationIsVisible = 0;
		};
		043E01F31AAEBD2C00D4C8F1 /* Build configuration list for PBXNativeTarget "testingTests" */ = {
			isa = XCConfigurationList;
			buildConfigurations = (
				043E01F41AAEBD2C00D4C8F1 /* Debug */,
				043E01F51AAEBD2C00D4C8F1 /* Release */,
			);
			defaultConfigurationIsVisible = 0;
		};
/* End XCConfigurationList section */
	};
	rootObject = 043E01C91AAEBD2C00D4C8F1 /* Project object */;
}
